
Microsoft Visual Studio Solution File, Format Version 12.00
# Visual Studio Version 17
VisualStudioVersion = 17.8.34330.188
MinimumVisualStudioVersion = 10.0.40219.1
Project("{9A19103F-16F7-4668-BE54-9A1E7A4F7556}") = "COD Ghosts Fixer", "COD Ghosts Fixer\COD Ghosts Fixer.csproj", "{1DB02C2E-B269-4088-B6CB-104851EF9304}"
EndProject
Global
	GlobalSection(SolutionConfigurationPlatforms) = preSolution
		Debug|Any CPU = Debug|Any CPU
		Release|Any CPU = Release|Any CPU
	EndGlobalSection
	GlobalSection(ProjectConfigurationPlatforms) = postSolution
		{1DB02C2E-B269-4088-B6CB-104851EF9304}.Debug|Any CPU.ActiveCfg = Debug|Any CPU
		{1DB02C2E-B269-4088-B6CB-104851EF9304}.Debug|Any CPU.Build.0 = Debug|Any CPU
		{1DB02C2E-B269-4088-B6CB-104851EF9304}.Release|Any CPU.ActiveCfg = Release|Any CPU
		{1DB02C2E-B269-4088-B6CB-104851EF9304}.Release|Any CPU.Build.0 = Release|Any CPU
	EndGlobalSection
	GlobalSection(SolutionProperties) = preSolution
		HideSolutionNode = FALSE
	EndGlobalSection
	GlobalSection(ExtensibilityGlobals) = postSolution
		SolutionGuid = {5FB2A900-32EA-48A0-BF59-469A50F23DE4}
	EndGlobalSection
EndGlobal
